{
  "requires": true,
  "lockfileVersion": 1,
  "dependencies": {
    "p5.play": {
      "version": "3.2.12",
      "resolved": "https://registry.npmjs.org/p5.play/-/p5.play-3.2.12.tgz",
      "integrity": "sha512-f5Z5orzo0XtD5q6OKiSrjpCZZZy8hdDaPrZEqwZ5pIGPwUgx+VrDjITaU/rW1+BoKZigETHgTMn++ufimmU96A=="
    }
  }
}
